
Microsoft Visual Studio Solution File, Format Version 12.00
# Visual Studio Version 17
VisualStudioVersion = 17.0.31903.59
MinimumVisualStudioVersion = 10.0.40219.1
Project("{FAE04EC0-301F-11D3-BF4B-00C04F79EFBC}") = "CoderDemo", "CoderDemo.csproj", "{593BFC58-AD38-485F-A01B-74E3E2CFB217}"
EndProject
Global
	GlobalSection(SolutionConfigurationPlatforms) = preSolution
		Debug|Any CPU = Debug|Any CPU
		Release|Any CPU = Release|Any CPU
	EndGlobalSection
	GlobalSection(ProjectConfigurationPlatforms) = postSolution
		{593BFC58-AD38-485F-A01B-74E3E2CFB217}.Debug|Any CPU.ActiveCfg = Debug|Any CPU
		{593BFC58-AD38-485F-A01B-74E3E2CFB217}.Debug|Any CPU.Build.0 = Debug|Any CPU
		{593BFC58-AD38-485F-A01B-74E3E2CFB217}.Release|Any CPU.ActiveCfg = Release|Any CPU
		{593BFC58-AD38-485F-A01B-74E3E2CFB217}.Release|Any CPU.Build.0 = Release|Any CPU
	EndGlobalSection
	GlobalSection(SolutionProperties) = preSolution
		HideSolutionNode = FALSE
	EndGlobalSection
	GlobalSection(ExtensibilityGlobals) = postSolution
		SolutionGuid = {C26656DB-DF93-4E73-B253-76B3AA0A539F}
	EndGlobalSection
EndGlobal
